
Microsoft Visual Studio Solution File, Format Version 12.00
# Visual Studio Version 17
VisualStudioVersion = 17.5.002.0
MinimumVisualStudioVersion = 10.0.40219.1
Project("{9A19103F-16F7-4668-BE54-9A1E7A4F7556}") = "zoom-detector", "zoom-detector.csproj", "{34D7AFD2-F0AE-481F-8BA5-824E4CB5C094}"
EndProject
Global
	GlobalSection(SolutionConfigurationPlatforms) = preSolution
		Debug|Any CPU = Debug|Any CPU
		Release|Any CPU = Release|Any CPU
	EndGlobalSection
	GlobalSection(ProjectConfigurationPlatforms) = postSolution
		{34D7AFD2-F0AE-481F-8BA5-824E4CB5C094}.Debug|Any CPU.ActiveCfg = Debug|Any CPU
		{34D7AFD2-F0AE-481F-8BA5-824E4CB5C094}.Debug|Any CPU.Build.0 = Debug|Any CPU
		{34D7AFD2-F0AE-481F-8BA5-824E4CB5C094}.Release|Any CPU.ActiveCfg = Release|Any CPU
		{34D7AFD2-F0AE-481F-8BA5-824E4CB5C094}.Release|Any CPU.Build.0 = Release|Any CPU
	EndGlobalSection
	GlobalSection(SolutionProperties) = preSolution
		HideSolutionNode = FALSE
	EndGlobalSection
	GlobalSection(ExtensibilityGlobals) = postSolution
		SolutionGuid = {3D31B0FE-1DC7-4970-B395-2F7190A37F06}
	EndGlobalSection
EndGlobal
